
Microsoft Visual Studio Solution File, Format Version 12.00
# Visual Studio 14
VisualStudioVersion = 14.0.25420.1
MinimumVisualStudioVersion = 10.0.40219.1
Project("{8BC9CEB8-8B4A-11D0-8D11-00A0C91BC942}") = "dshowcapture", "dshowcapture\dshowcapture.vcxproj", "{FFF52519-38BB-4155-851D-4209EC67ACA7}"
EndProject
Project("{8BC9CEB8-8B4A-11D0-8D11-00A0C91BC942}") = "LibDshowCaptureCaller", "..\..\LibDshowCaptureCaller\LibDshowCaptureCaller.vcxproj", "{34ABADDB-54BE-4BB5-8C01-50B623D6B84D}"
EndProject
Global
	GlobalSection(SolutionConfigurationPlatforms) = preSolution
		Debug|Win32 = Debug|Win32
		Debug|x64 = Debug|x64
		Release|Win32 = Release|Win32
		Release|x64 = Release|x64
	EndGlobalSection
	GlobalSection(ProjectConfigurationPlatforms) = postSolution
		{FFF52519-38BB-4155-851D-4209EC67ACA7}.Debug|Win32.ActiveCfg = Debug|Win32
		{FFF52519-38BB-4155-851D-4209EC67ACA7}.Debug|Win32.Build.0 = Debug|Win32
		{FFF52519-38BB-4155-851D-4209EC67ACA7}.Debug|x64.ActiveCfg = Debug|x64
		{FFF52519-38BB-4155-851D-4209EC67ACA7}.Debug|x64.Build.0 = Debug|x64
		{FFF52519-38BB-4155-851D-4209EC67ACA7}.Release|Win32.ActiveCfg = Release|Win32
		{FFF52519-38BB-4155-851D-4209EC67ACA7}.Release|Win32.Build.0 = Release|Win32
		{FFF52519-38BB-4155-851D-4209EC67ACA7}.Release|x64.ActiveCfg = Release|x64
		{FFF52519-38BB-4155-851D-4209EC67ACA7}.Release|x64.Build.0 = Release|x64
		{34ABADDB-54BE-4BB5-8C01-50B623D6B84D}.Debug|Win32.ActiveCfg = Debug|Win32
		{34ABADDB-54BE-4BB5-8C01-50B623D6B84D}.Debug|Win32.Build.0 = Debug|Win32
		{34ABADDB-54BE-4BB5-8C01-50B623D6B84D}.Debug|x64.ActiveCfg = Debug|x64
		{34ABADDB-54BE-4BB5-8C01-50B623D6B84D}.Debug|x64.Build.0 = Debug|x64
		{34ABADDB-54BE-4BB5-8C01-50B623D6B84D}.Release|Win32.ActiveCfg = Release|Win32
		{34ABADDB-54BE-4BB5-8C01-50B623D6B84D}.Release|Win32.Build.0 = Release|Win32
		{34ABADDB-54BE-4BB5-8C01-50B623D6B84D}.Release|x64.ActiveCfg = Release|x64
		{34ABADDB-54BE-4BB5-8C01-50B623D6B84D}.Release|x64.Build.0 = Release|x64
	EndGlobalSection
	GlobalSection(SolutionProperties) = preSolution
		HideSolutionNode = FALSE
	EndGlobalSection
EndGlobal
